# @generated - this file is auto-generated by `mise lock` https://mise.jdx.dev/dev-tools/mise-lock.html

lockfile_version = 1

[[tools.node]]
version = "26.8.2"
backend = "core:node"
specifiers = ["26.8.2"]

[tools.node."platforms.linux-arm64"]
checksum = "sha256:746cdbf21565b4ea06f77642bb0e85466de8bb722242be2c5e006f272c361c63"
url = "https://nodejs.org/dist/v26.8.2/node-v26.8.2-linux-arm64.tar.gz"

[tools.node."platforms.linux-arm64-musl"]
url = "https://unofficial-builds.nodejs.org/download/release/v26.8.2/node-v26.8.2-linux-arm64-musl.tar.gz"

[tools.node."platforms.linux-x64"]
checksum = "sha256:badb3fe6a61b85e1352ca6564dc56b8b7bd5ecd5c474c52acc21dd0cdd586f35"
url = "https://nodejs.org/dist/v26.8.2/node-v26.8.2-linux-x64.tar.gz"

[tools.node."platforms.linux-x64-musl"]
url = "https://unofficial-builds.nodejs.org/download/release/v26.8.2/node-v26.8.2-linux-x64-musl.tar.gz"

[tools.node."platforms.macos-arm64"]
checksum = "sha256:974b6d5fb2fc7c33ff2354db0902b4e91c2de01ec8acc6de48e543c97e18c9e1"
url = "https://nodejs.org/dist/v26.8.2/node-v26.8.2-darwin-arm64.tar.gz"

[tools.node."platforms.macos-x64"]
checksum = "sha256:adb8feb2d4987df3d72d2ec46f4fc4b58039c859b8c3f0e3cc2d3c6cbaf8629c"
url = "https://nodejs.org/dist/v26.8.2/node-v26.8.2-darwin-x64.tar.gz"

[tools.node."platforms.windows-x64"]
checksum = "sha256:cf02f5d0c06c794b84f277177d5cf3743d0924ca49f6641cd435dd7cb6ee9085"
url = "https://nodejs.org/dist/v26.8.2/node-v26.8.2-win-x64.zip"

[[tools.pnpm]]
version = "12.4.0"
backend = "aqua:pnpm/pnpm"
specifiers = ["12.4.0"]

[tools.pnpm."platforms.linux-arm64"]
checksum = "sha256:74fc88eacd2975df4ec5bae517482986ce824bc35a7ac5965c1baf1c854fe933"
url = "https://github.com/pnpm/pnpm/releases/download/v12.4.0/pnpm-linux-arm64.tar.gz"
url_api = "https://api.github.com/repos/pnpm/pnpm/releases/assets/550351855"
provenance = "github-attestations"

[tools.pnpm."platforms.linux-arm64-musl"]
checksum = "sha256:e2e9ec97dbf6165e0936883c078850af967fd7842cfabbb130c24f594bba589f"
url = "https://github.com/pnpm/pnpm/releases/download/v12.4.0/pnpm-linux-arm64-musl.tar.gz"
url_api = "https://api.github.com/repos/pnpm/pnpm/releases/assets/550351859"
provenance = "github-attestations"

[tools.pnpm."platforms.linux-x64"]
checksum = "sha256:fcff7ecad46365d356718a40a88a72b4c02eae9d075d567e032697d769f3d999"
url = "https://github.com/pnpm/pnpm/releases/download/v12.4.0/pnpm-linux-x64.tar.gz"
url_api = "https://api.github.com/repos/pnpm/pnpm/releases/assets/550351861"
provenance = "github-attestations"

[tools.pnpm."platforms.linux-x64-musl"]
checksum = "sha256:cb90483341f8601d7d62c93dbd3f17f057e1d95f8cc8720cfe6df4411a616bde"
url = "https://github.com/pnpm/pnpm/releases/download/v12.4.0/pnpm-linux-x64-musl.tar.gz"
url_api = "https://api.github.com/repos/pnpm/pnpm/releases/assets/550351865"
provenance = "github-attestations"

[tools.pnpm."platforms.macos-arm64"]
checksum = "sha256:dae611f18e7acc416fac9134ac86fcb1cc8670868ea2e5a51e82e184aec01d63"
url = "https://github.com/pnpm/pnpm/releases/download/v12.4.0/pnpm-darwin-arm64.tar.gz"
url_api = "https://api.github.com/repos/pnpm/pnpm/releases/assets/550351864"
provenance = "github-attestations"

[tools.pnpm."platforms.macos-x64"]
checksum = "sha256:6baf32b1706fefad6a5021d55670a9b306b109f5e1fe6542f4b82351fdc328e4"
url = "https://github.com/pnpm/pnpm/releases/download/v12.4.0/pnpm-darwin-x64.tar.gz"
url_api = "https://api.github.com/repos/pnpm/pnpm/releases/assets/550351854"
provenance = "github-attestations"

[tools.pnpm."platforms.windows-x64"]
checksum = "sha256:0c25c9921d61171c1551ed38cf6bc5240bcd3acaff81431a4edb5fe33c720674"
url = "https://github.com/pnpm/pnpm/releases/download/v12.4.0/pnpm-win32-x64.zip"
url_api = "https://api.github.com/repos/pnpm/pnpm/releases/assets/550351858"
provenance = "github-attestations"
